// !$*UTF8*$!
{
	archiveVersion = 1;
	classes = {
	};
	objectVersion = 48;
	objects = {

/* Begin PBXBuildFile section */
		770AD1E2200E38860015753A /* ActivityTableViewCell.m in Sources */ = {isa = PBXBuildFile; fileRef = 770AD1E0200E38860015753A /* ActivityTableViewCell.m */; };
		770AD1E3200E38860015753A /* ActivityTableViewCell.xib in Resources */ = {isa = PBXBuildFile; fileRef = 770AD1E1200E38860015753A /* ActivityTableViewCell.xib */; };
		771F065C200E163F00F8CF88 /* AllBanksCollectionViewCell.m in Sources */ = {isa = PBXBuildFile; fileRef = 771F065A200E163F00F8CF88 /* AllBanksCollectionViewCell.m */; };
		771F065D200E163F00F8CF88 /* AllBanksCollectionViewCell.xib in Resources */ = {isa = PBXBuildFile; fileRef = 771F065B200E163F00F8CF88 /* AllBanksCollectionViewCell.xib */; };
		77834767200D973000C2AEFD /* AppDelegate.m in Sources */ = {isa = PBXBuildFile; fileRef = 77834766200D973000C2AEFD /* AppDelegate.m */; };
		7783476A200D973000C2AEFD /* ViewController.m in Sources */ = {isa = PBXBuildFile; fileRef = 77834769200D973000C2AEFD /* ViewController.m */; };
		7783476D200D973000C2AEFD /* Main.storyboard in Resources */ = {isa = PBXBuildFile; fileRef = 7783476B200D973000C2AEFD /* Main.storyboard */; };
		77834770200D973000C2AEFD /* hymzs.xcdatamodeld in Sources */ = {isa = PBXBuildFile; fileRef = 7783476E200D973000C2AEFD /* hymzs.xcdatamodeld */; };
		77834772200D973000C2AEFD /* Assets.xcassets in Resources */ = {isa = PBXBuildFile; fileRef = 77834771200D973000C2AEFD /* Assets.xcassets */; };
		77834775200D973000C2AEFD /* LaunchScreen.storyboard in Resources */ = {isa = PBXBuildFile; fileRef = 77834773200D973000C2AEFD /* LaunchScreen.storyboard */; };
		77834778200D973000C2AEFD /* main.m in Sources */ = {isa = PBXBuildFile; fileRef = 77834777200D973000C2AEFD /* main.m */; };
		77834782200DEBBC00C2AEFD /* ConstantsManager.m in Sources */ = {isa = PBXBuildFile; fileRef = 77834781200DEBBC00C2AEFD /* ConstantsManager.m */; };
		DE63E758666AFF6CC8E842A9 /* libPods-hymzs.a in Frameworks */ = {isa = PBXBuildFile; fileRef = 4AA1FDD52EFD35636A8E5E21 /* libPods-hymzs.a */; };
/* End PBXBuildFile section */

/* Begin PBXFileReference section */
		4AA1FDD52EFD35636A8E5E21 /* libPods-hymzs.a */ = {isa = PBXFileReference; explicitFileType = archive.ar; includeInIndex = 0; path = "libPods-hymzs.a"; sourceTree = BUILT_PRODUCTS_DIR; };
		7534386714636876E0913C4E /* Pods-hymzs.release.xcconfig */ = {isa = PBXFileReference; includeInIndex = 1; lastKnownFileType = text.xcconfig; name = "Pods-hymzs.release.xcconfig"; path = "Pods/Target Support Files/Pods-hymzs/Pods-hymzs.release.xcconfig"; sourceTree = "<group>"; };
		770AD1DF200E38860015753A /* ActivityTableViewCell.h */ = {isa = PBXFileReference; lastKnownFileType = sourcecode.c.h; path = ActivityTableViewCell.h; sourceTree = "<group>"; };
		770AD1E0200E38860015753A /* ActivityTableViewCell.m */ = {isa = PBXFileReference; lastKnownFileType = sourcecode.c.objc; path = ActivityTableViewCell.m; sourceTree = "<group>"; };
		770AD1E1200E38860015753A /* ActivityTableViewCell.xib */ = {isa = PBXFileReference; lastKnownFileType = file.xib; path = ActivityTableViewCell.xib; sourceTree = "<group>"; };
		771F0659200E163F00F8CF88 /* AllBanksCollectionViewCell.h */ = {isa = PBXFileReference; lastKnownFileType = sourcecode.c.h; path = AllBanksCollectionViewCell.h; sourceTree = "<group>"; };
		771F065A200E163F00F8CF88 /* AllBanksCollectionViewCell.m */ = {isa = PBXFileReference; lastKnownFileType = sourcecode.c.objc; path = AllBanksCollectionViewCell.m; sourceTree = "<group>"; };
		771F065B200E163F00F8CF88 /* AllBanksCollectionViewCell.xib */ = {isa = PBXFileReference; lastKnownFileType = file.xib; path = AllBanksCollectionViewCell.xib; sourceTree = "<group>"; };
		77834762200D973000C2AEFD /* hymzs.app */ = {isa = PBXFileReference; explicitFileType = wrapper.application; includeInIndex = 0; path = hymzs.app; sourceTree = BUILT_PRODUCTS_DIR; };
		77834765200D973000C2AEFD /* AppDelegate.h */ = {isa = PBXFileReference; lastKnownFileType = sourcecode.c.h; path = AppDelegate.h; sourceTree = "<group>"; };
		77834766200D973000C2AEFD /* AppDelegate.m */ = {isa = PBXFileReference; lastKnownFileType = sourcecode.c.objc; path = AppDelegate.m; sourceTree = "<group>"; };
		77834768200D973000C2AEFD /* ViewController.h */ = {isa = PBXFileReference; lastKnownFileType = sourcecode.c.h; path = ViewController.h; sourceTree = "<group>"; };
		77834769200D973000C2AEFD /* ViewController.m */ = {isa = PBXFileReference; lastKnownFileType = sourcecode.c.objc; path = ViewController.m; sourceTree = "<group>"; };
		7783476C200D973000C2AEFD /* Base */ = {isa = PBXFileReference; lastKnownFileType = file.storyboard; name = Base; path = Base.lproj/Main.storyboard; sourceTree = "<group>"; };
		7783476F200D973000C2AEFD /* hymzs.xcdatamodel */ = {isa = PBXFileReference; lastKnownFileType = wrapper.xcdatamodel; path = hymzs.xcdatamodel; sourceTree = "<group>"; };
		77834771200D973000C2AEFD /* Assets.xcassets */ = {isa = PBXFileReference; lastKnownFileType = folder.assetcatalog; path = Assets.xcassets; sourceTree = "<group>"; };
		77834774200D973000C2AEFD /* Base */ = {isa = PBXFileReference; lastKnownFileType = file.storyboard; name = Base; path = Base.lproj/LaunchScreen.storyboard; sourceTree = "<group>"; };
		77834776200D973000C2AEFD /* Info.plist */ = {isa = PBXFileReference; lastKnownFileType = text.plist.xml; path = Info.plist; sourceTree = "<group>"; };
		77834777200D973000C2AEFD /* main.m */ = {isa = PBXFileReference; lastKnownFileType = sourcecode.c.objc; path = main.m; sourceTree = "<group>"; };
		77834780200DEBBC00C2AEFD /* ConstantsManager.h */ = {isa = PBXFileReference; lastKnownFileType = sourcecode.c.h; path = ConstantsManager.h; sourceTree = "<group>"; };
		77834781200DEBBC00C2AEFD /* ConstantsManager.m */ = {isa = PBXFileReference; lastKnownFileType = sourcecode.c.objc; path = ConstantsManager.m; sourceTree = "<group>"; };
		77834783200DF91800C2AEFD /* GobalDefine.h */ = {isa = PBXFileReference; lastKnownFileType = sourcecode.c.h; path = GobalDefine.h; sourceTree = "<group>"; };
		77834785200DFACB00C2AEFD /* Hymzs.pch */ = {isa = PBXFileReference; lastKnownFileType = sourcecode.c.h; path = Hymzs.pch; sourceTree = "<group>"; };
		DC9705F04638A6FBE396AA5D /* Pods-hymzs.debug.xcconfig */ = {isa = PBXFileReference; includeInIndex = 1; lastKnownFileType = text.xcconfig; name = "Pods-hymzs.debug.xcconfig"; path = "Pods/Target Support Files/Pods-hymzs/Pods-hymzs.debug.xcconfig"; sourceTree = "<group>"; };
/* End PBXFileReference section */

/* Begin PBXFrameworksBuildPhase section */
		7783475F200D973000C2AEFD /* Frameworks */ = {
			isa = PBXFrameworksBuildPhase;
			buildActionMask = 2147483647;
			files = (
				DE63E758666AFF6CC8E842A9 /* libPods-hymzs.a in Frameworks */,
			);
			runOnlyForDeploymentPostprocessing = 0;
		};
/* End PBXFrameworksBuildPhase section */

/* Begin PBXGroup section */
		14D713702E281CE27C60994D /* Frameworks */ = {
			isa = PBXGroup;
			children = (
				4AA1FDD52EFD35636A8E5E21 /* libPods-hymzs.a */,
			);
			name = Frameworks;
			sourceTree = "<group>";
		};
		77834759200D973000C2AEFD = {
			isa = PBXGroup;
			children = (
				77834764200D973000C2AEFD /* hymzs */,
				77834763200D973000C2AEFD /* Products */,
				D5F0C1E2180C4A3295DA21AC /* Pods */,
				14D713702E281CE27C60994D /* Frameworks */,
			);
			sourceTree = "<group>";
		};
		77834763200D973000C2AEFD /* Products */ = {
			isa = PBXGroup;
			children = (
				77834762200D973000C2AEFD /* hymzs.app */,
			);
			name = Products;
			sourceTree = "<group>";
		};
		77834764200D973000C2AEFD /* hymzs */ = {
			isa = PBXGroup;
			children = (
				77834784200DFAB000C2AEFD /* SupportingFiles */,
				7783477F200DEAD600C2AEFD /* Common */,
				77834786200E0B7400C2AEFD /* Activity */,
				77834765200D973000C2AEFD /* AppDelegate.h */,
				77834766200D973000C2AEFD /* AppDelegate.m */,
				77834768200D973000C2AEFD /* ViewController.h */,
				77834769200D973000C2AEFD /* ViewController.m */,
				7783476B200D973000C2AEFD /* Main.storyboard */,
				77834771200D973000C2AEFD /* Assets.xcassets */,
				77834773200D973000C2AEFD /* LaunchScreen.storyboard */,
				77834776200D973000C2AEFD /* Info.plist */,
				77834777200D973000C2AEFD /* main.m */,
				7783476E200D973000C2AEFD /* hymzs.xcdatamodeld */,
			);
			path = hymzs;
			sourceTree = "<group>";
		};
		7783477F200DEAD600C2AEFD /* Common */ = {
			isa = PBXGroup;
			children = (
				77834783200DF91800C2AEFD /* GobalDefine.h */,
				77834780200DEBBC00C2AEFD /* ConstantsManager.h */,
				77834781200DEBBC00C2AEFD /* ConstantsManager.m */,
			);
			path = Common;
			sourceTree = "<group>";
		};
		77834784200DFAB000C2AEFD /* SupportingFiles */ = {
			isa = PBXGroup;
			children = (
				77834785200DFACB00C2AEFD /* Hymzs.pch */,
			);
			path = SupportingFiles;
			sourceTree = "<group>";
		};
		77834786200E0B7400C2AEFD /* Activity */ = {
			isa = PBXGroup;
			children = (
				771F0659200E163F00F8CF88 /* AllBanksCollectionViewCell.h */,
				771F065A200E163F00F8CF88 /* AllBanksCollectionViewCell.m */,
				771F065B200E163F00F8CF88 /* AllBanksCollectionViewCell.xib */,
				770AD1DF200E38860015753A /* ActivityTableViewCell.h */,
				770AD1E0200E38860015753A /* ActivityTableViewCell.m */,
				770AD1E1200E38860015753A /* ActivityTableViewCell.xib */,
			);
			path = Activity;
			sourceTree = "<group>";
		};
		D5F0C1E2180C4A3295DA21AC /* Pods */ = {
			isa = PBXGroup;
			children = (
				DC9705F04638A6FBE396AA5D /* Pods-hymzs.debug.xcconfig */,
				7534386714636876E0913C4E /* Pods-hymzs.release.xcconfig */,
			);
			name = Pods;
			sourceTree = "<group>";
		};
/* End PBXGroup section */

/* Begin PBXNativeTarget section */
		77834761200D973000C2AEFD /* hymzs */ = {
			isa = PBXNativeTarget;
			buildConfigurationList = 7783477B200D973000C2AEFD /* Build configuration list for PBXNativeTarget "hymzs" */;
			buildPhases = (
				89ACE1542C3B6276B852DC13 /* [CP] Check Pods Manifest.lock */,
				7783475E200D973000C2AEFD /* Sources */,
				7783475F200D973000C2AEFD /* Frameworks */,
				77834760200D973000C2AEFD /* Resources */,
				D979B06A1A2BBA888817E064 /* [CP] Embed Pods Frameworks */,
				9B7FEE348CAA8BAF08CC7CA7 /* [CP] Copy Pods Resources */,
			);
			buildRules = (
			);
			dependencies = (
			);
			name = hymzs;
			productName = hymzs;
			productReference = 77834762200D973000C2AEFD /* hymzs.app */;
			productType = "com.apple.product-type.application";
		};
/* End PBXNativeTarget section */

/* Begin PBXProject section */
		7783475A200D973000C2AEFD /* Project object */ = {
			isa = PBXProject;
			attributes = {
				LastUpgradeCheck = 0900;
				ORGANIZATIONNAME = RayNi;
				TargetAttributes = {
					77834761200D973000C2AEFD = {
						CreatedOnToolsVersion = 9.0.1;
						ProvisioningStyle = Automatic;
					};
				};
			};
			buildConfigurationList = 7783475D200D973000C2AEFD /* Build configuration list for PBXProject "hymzs" */;
			compatibilityVersion = "Xcode 8.0";
			developmentRegion = en;
			hasScannedForEncodings = 0;
			knownRegions = (
				en,
				Base,
			);
			mainGroup = 77834759200D973000C2AEFD;
			productRefGroup = 77834763200D973000C2AEFD /* Products */;
			projectDirPath = "";
			projectRoot = "";
			targets = (
				77834761200D973000C2AEFD /* hymzs */,
			);
		};
/* End PBXProject section */

/* Begin PBXResourcesBuildPhase section */
		77834760200D973000C2AEFD /* Resources */ = {
			isa = PBXResourcesBuildPhase;
			buildActionMask = 2147483647;
			files = (
				77834775200D973000C2AEFD /* LaunchScreen.storyboard in Resources */,
				77834772200D973000C2AEFD /* Assets.xcassets in Resources */,
				770AD1E3200E38860015753A /* ActivityTableViewCell.xib in Resources */,
				771F065D200E163F00F8CF88 /* AllBanksCollectionViewCell.xib in Resources */,
				7783476D200D973000C2AEFD /* Main.storyboard in Resources */,
			);
			runOnlyForDeploymentPostprocessing = 0;
		};
/* End PBXResourcesBuildPhase section */

/* Begin PBXShellScriptBuildPhase section */
		89ACE1542C3B6276B852DC13 /* [CP] Check Pods Manifest.lock */ = {
			isa = PBXShellScriptBuildPhase;
			buildActionMask = 2147483647;
			files = (
			);
			inputPaths = (
				"${PODS_PODFILE_DIR_PATH}/Podfile.lock",
				"${PODS_ROOT}/Manifest.lock",
			);
			name = "[CP] Check Pods Manifest.lock";
			outputPaths = (
				"$(DERIVED_FILE_DIR)/Pods-hymzs-checkManifestLockResult.txt",
			);
			runOnlyForDeploymentPostprocessing = 0;
			shellPath = /bin/sh;
			shellScript = "diff \"${PODS_PODFILE_DIR_PATH}/Podfile.lock\" \"${PODS_ROOT}/Manifest.lock\" > /dev/null\nif [ $? != 0 ] ; then\n    # print error to STDERR\n    echo \"error: The sandbox is not in sync with the Podfile.lock. Run 'pod install' or update your CocoaPods installation.\" >&2\n    exit 1\nfi\n# This output is used by Xcode 'outputs' to avoid re-running this script phase.\necho \"SUCCESS\" > \"${SCRIPT_OUTPUT_FILE_0}\"\n";
			showEnvVarsInLog = 0;
		};
		9B7FEE348CAA8BAF08CC7CA7 /* [CP] Copy Pods Resources */ = {
			isa = PBXShellScriptBuildPhase;
			buildActionMask = 2147483647;
			files = (
			);
			inputPaths = (
			);
			name = "[CP] Copy Pods Resources";
			outputPaths = (
			);
			runOnlyForDeploymentPostprocessing = 0;
			shellPath = /bin/sh;
			shellScript = "\"${SRCROOT}/Pods/Target Support Files/Pods-hymzs/Pods-hymzs-resources.sh\"\n";
			showEnvVarsInLog = 0;
		};
		D979B06A1A2BBA888817E064 /* [CP] Embed Pods Frameworks */ = {
			isa = PBXShellScriptBuildPhase;
			buildActionMask = 2147483647;
			files = (
			);
			inputPaths = (
			);
			name = "[CP] Embed Pods Frameworks";
			outputPaths = (
			);
			runOnlyForDeploymentPostprocessing = 0;
			shellPath = /bin/sh;
			shellScript = "\"${SRCROOT}/Pods/Target Support Files/Pods-hymzs/Pods-hymzs-frameworks.sh\"\n";
			showEnvVarsInLog = 0;
		};
/* End PBXShellScriptBuildPhase section */

/* Begin PBXSourcesBuildPhase section */
		7783475E200D973000C2AEFD /* Sources */ = {
			isa = PBXSourcesBuildPhase;
			buildActionMask = 2147483647;
			files = (
				7783476A200D973000C2AEFD /* ViewController.m in Sources */,
				77834782200DEBBC00C2AEFD /* ConstantsManager.m in Sources */,
				77834770200D973000C2AEFD /* hymzs.xcdatamodeld in Sources */,
				77834778200D973000C2AEFD /* main.m in Sources */,
				77834767200D973000C2AEFD /* AppDelegate.m in Sources */,
				770AD1E2200E38860015753A /* ActivityTableViewCell.m in Sources */,
				771F065C200E163F00F8CF88 /* AllBanksCollectionViewCell.m in Sources */,
			);
			runOnlyForDeploymentPostprocessing = 0;
		};
/* End PBXSourcesBuildPhase section */

/* Begin PBXVariantGroup section */
		7783476B200D973000C2AEFD /* Main.storyboard */ = {
			isa = PBXVariantGroup;
			children = (
				7783476C200D973000C2AEFD /* Base */,
			);
			name = Main.storyboard;
			sourceTree = "<group>";
		};
		77834773200D973000C2AEFD /* LaunchScreen.storyboard */ = {
			isa = PBXVariantGroup;
			children = (
				77834774200D973000C2AEFD /* Base */,
			);
			name = LaunchScreen.storyboard;
			sourceTree = "<group>";
		};
/* End PBXVariantGroup section */

/* Begin XCBuildConfiguration section */
		77834779200D973000C2AEFD /* Debug */ = {
			isa = XCBuildConfiguration;
			buildSettings = {
				ALWAYS_SEARCH_USER_PATHS = NO;
				CLANG_ANALYZER_NONNULL = YES;
				CLANG_ANALYZER_NUMBER_OBJECT_CONVERSION = YES_AGGRESSIVE;
				CLANG_CXX_LANGUAGE_STANDARD = "gnu++14";
				CLANG_CXX_LIBRARY = "libc++";
				CLANG_ENABLE_MODULES = YES;
				CLANG_ENABLE_OBJC_ARC = YES;
				CLANG_WARN_BLOCK_CAPTURE_AUTORELEASING = YES;
				CLANG_WARN_BOOL_CONVERSION = YES;
				CLANG_WARN_COMMA = YES;
				CLANG_WARN_CONSTANT_CONVERSION = YES;
				CLANG_WARN_DIRECT_OBJC_ISA_USAGE = YES_ERROR;
				CLANG_WARN_DOCUMENTATION_COMMENTS = YES;
				CLANG_WARN_EMPTY_BODY = YES;
				CLANG_WARN_ENUM_CONVERSION = YES;
				CLANG_WARN_INFINITE_RECURSION = YES;
				CLANG_WARN_INT_CONVERSION = YES;
				CLANG_WARN_NON_LITERAL_NULL_CONVERSION = YES;
				CLANG_WARN_OBJC_LITERAL_CONVERSION = YES;
				CLANG_WARN_OBJC_ROOT_CLASS = YES_ERROR;
				CLANG_WARN_RANGE_LOOP_ANALYSIS = YES;
				CLANG_WARN_STRICT_PROTOTYPES = YES;
				CLANG_WARN_SUSPICIOUS_MOVE = YES;
				CLANG_WARN_UNGUARDED_AVAILABILITY = YES_AGGRESSIVE;
				CLANG_WARN_UNREACHABLE_CODE = YES;
				CLANG_WARN__DUPLICATE_METHOD_MATCH = YES;
				CODE_SIGN_IDENTITY = "iPhone Developer";
				COPY_PHASE_STRIP = NO;
				DEBUG_INFORMATION_FORMAT = dwarf;
				ENABLE_STRICT_OBJC_MSGSEND = YES;
				ENABLE_TESTABILITY = YES;
				GCC_C_LANGUAGE_STANDARD = gnu11;
				GCC_DYNAMIC_NO_PIC = NO;
				GCC_NO_COMMON_BLOCKS = YES;
				GCC_OPTIMIZATION_LEVEL = 0;
				GCC_PREPROCESSOR_DEFINITIONS = (
					"DEBUG=1",
					"$(inherited)",
				);
				GCC_WARN_64_TO_32_BIT_CONVERSION = YES;
				GCC_WARN_ABOUT_RETURN_TYPE = YES_ERROR;
				GCC_WARN_UNDECLARED_SELECTOR = YES;
				GCC_WARN_UNINITIALIZED_AUTOS = YES_AGGRESSIVE;
				GCC_WARN_UNUSED_FUNCTION = YES;
				GCC_WARN_UNUSED_VARIABLE = YES;
				IPHONEOS_DEPLOYMENT_TARGET = 11.0;
				MTL_ENABLE_DEBUG_INFO = YES;
				ONLY_ACTIVE_ARCH = YES;
				SDKROOT = iphoneos;
			};
			name = Debug;
		};
		7783477A200D973000C2AEFD /* Release */ = {
			isa = XCBuildConfiguration;
			buildSettings = {
				ALWAYS_SEARCH_USER_PATHS = NO;
				CLANG_ANALYZER_NONNULL = YES;
				CLANG_ANALYZER_NUMBER_OBJECT_CONVERSION = YES_AGGRESSIVE;
				CLANG_CXX_LANGUAGE_STANDARD = "gnu++14";
				CLANG_CXX_LIBRARY = "libc++";
				CLANG_ENABLE_MODULES = YES;
				CLANG_ENABLE_OBJC_ARC = YES;
				CLANG_WARN_BLOCK_CAPTURE_AUTORELEASING = YES;
				CLANG_WARN_BOOL_CONVERSION = YES;
				CLANG_WARN_COMMA = YES;
				CLANG_WARN_CONSTANT_CONVERSION = YES;
				CLANG_WARN_DIRECT_OBJC_ISA_USAGE = YES_ERROR;
				CLANG_WARN_DOCUMENTATION_COMMENTS = YES;
				CLANG_WARN_EMPTY_BODY = YES;
				CLANG_WARN_ENUM_CONVERSION = YES;
				CLANG_WARN_INFINITE_RECURSION = YES;
				CLANG_WARN_INT_CONVERSION = YES;
				CLANG_WARN_NON_LITERAL_NULL_CONVERSION = YES;
				CLANG_WARN_OBJC_LITERAL_CONVERSION = YES;
				CLANG_WARN_OBJC_ROOT_CLASS = YES_ERROR;
				CLANG_WARN_RANGE_LOOP_ANALYSIS = YES;
				CLANG_WARN_STRICT_PROTOTYPES = YES;
				CLANG_WARN_SUSPICIOUS_MOVE = YES;
				CLANG_WARN_UNGUARDED_AVAILABILITY = YES_AGGRESSIVE;
				CLANG_WARN_UNREACHABLE_CODE = YES;
				CLANG_WARN__DUPLICATE_METHOD_MATCH = YES;
				CODE_SIGN_IDENTITY = "iPhone Developer";
				COPY_PHASE_STRIP = NO;
				DEBUG_INFORMATION_FORMAT = "dwarf-with-dsym";
				ENABLE_NS_ASSERTIONS = NO;
				ENABLE_STRICT_OBJC_MSGSEND = YES;
				GCC_C_LANGUAGE_STANDARD = gnu11;
				GCC_NO_COMMON_BLOCKS = YES;
				GCC_WARN_64_TO_32_BIT_CONVERSION = YES;
				GCC_WARN_ABOUT_RETURN_TYPE = YES_ERROR;
				GCC_WARN_UNDECLARED_SELECTOR = YES;
				GCC_WARN_UNINITIALIZED_AUTOS = YES_AGGRESSIVE;
				GCC_WARN_UNUSED_FUNCTION = YES;
				GCC_WARN_UNUSED_VARIABLE = YES;
				IPHONEOS_DEPLOYMENT_TARGET = 11.0;
				MTL_ENABLE_DEBUG_INFO = NO;
				SDKROOT = iphoneos;
				VALIDATE_PRODUCT = YES;
			};
			name = Release;
		};
		7783477C200D973000C2AEFD /* Debug */ = {
			isa = XCBuildConfiguration;
			baseConfigurationReference = DC9705F04638A6FBE396AA5D /* Pods-hymzs.debug.xcconfig */;
			buildSettings = {
				ASSETCATALOG_COMPILER_APPICON_NAME = AppIcon;
				CODE_SIGN_STYLE = Automatic;
				DEVELOPMENT_TEAM = Z2N7EZ87C2;
				GCC_PREFIX_HEADER = "$(SRCROOT)/hymzs/SupportingFiles/Hymzs.pch";
				INFOPLIST_FILE = hymzs/Info.plist;
				LD_RUNPATH_SEARCH_PATHS = "$(inherited) @executable_path/Frameworks";
				PRODUCT_BUNDLE_IDENTIFIER = cn.hymzs;
				PRODUCT_NAME = "$(TARGET_NAME)";
				TARGETED_DEVICE_FAMILY = "1,2";
			};
			name = Debug;
		};
		7783477D200D973000C2AEFD /* Release */ = {
			isa = XCBuildConfiguration;
			baseConfigurationReference = 7534386714636876E0913C4E /* Pods-hymzs.release.xcconfig */;
			buildSettings = {
				ASSETCATALOG_COMPILER_APPICON_NAME = AppIcon;
				CODE_SIGN_STYLE = Automatic;
				DEVELOPMENT_TEAM = Z2N7EZ87C2;
				GCC_PREFIX_HEADER = "$(SRCROOT)/hymzs/SupportingFiles/Hymzs.pch";
				INFOPLIST_FILE = hymzs/Info.plist;
				LD_RUNPATH_SEARCH_PATHS = "$(inherited) @executable_path/Frameworks";
				PRODUCT_BUNDLE_IDENTIFIER = cn.hymzs;
				PRODUCT_NAME = "$(TARGET_NAME)";
				TARGETED_DEVICE_FAMILY = "1,2";
			};
			name = Release;
		};
/* End XCBuildConfiguration section */

/* Begin XCConfigurationList section */
		7783475D200D973000C2AEFD /* Build configuration list for PBXProject "hymzs" */ = {
			isa = XCConfigurationList;
			buildConfigurations = (
				77834779200D973000C2AEFD /* Debug */,
				7783477A200D973000C2AEFD /* Release */,
			);
			defaultConfigurationIsVisible = 0;
			defaultConfigurationName = Release;
		};
		7783477B200D973000C2AEFD /* Build configuration list for PBXNativeTarget "hymzs" */ = {
			isa = XCConfigurationList;
			buildConfigurations = (
				7783477C200D973000C2AEFD /* Debug */,
				7783477D200D973000C2AEFD /* Release */,
			);
			defaultConfigurationIsVisible = 0;
			defaultConfigurationName = Release;
		};
/* End XCConfigurationList section */

/* Begin XCVersionGroup section */
		7783476E200D973000C2AEFD /* hymzs.xcdatamodeld */ = {
			isa = XCVersionGroup;
			children = (
				7783476F200D973000C2AEFD /* hymzs.xcdatamodel */,
			);
			currentVersion = 7783476F200D973000C2AEFD /* hymzs.xcdatamodel */;
			path = hymzs.xcdatamodeld;
			sourceTree = "<group>";
			versionGroupType = wrapper.xcdatamodel;
		};
/* End XCVersionGroup section */
	};
	rootObject = 7783475A200D973000C2AEFD /* Project object */;
}
