// !$*UTF8*$!
{
	archiveVersion = 1;
	classes = {
	};
	objectVersion = 48;
	objects = {

/* Begin PBXBuildFile section */
		77834767200D973000C2AEFD /* AppDelegate.m in Sources */ = {isa = PBXBuildFile; fileRef = 77834766200D973000C2AEFD /* AppDelegate.m */; };
		7783476A200D973000C2AEFD /* ViewController.m in Sources */ = {isa = PBXBuildFile; fileRef = 77834769200D973000C2AEFD /* ViewController.m */; };
		7783476D200D973000C2AEFD /* Main.storyboard in Resources */ = {isa = PBXBuildFile; fileRef = 7783476B200D973000C2AEFD /* Main.storyboard */; };
		77834770200D973000C2AEFD /* hymzs.xcdatamodeld in Sources */ = {isa = PBXBuildFile; fileRef = 7783476E200D973000C2AEFD /* hymzs.xcdatamodeld */; };
		77834772200D973000C2AEFD /* Assets.xcassets in Resources */ = {isa = PBXBuildFile; fileRef = 77834771200D973000C2AEFD /* Assets.xcassets */; };
		77834775200D973000C2AEFD /* LaunchScreen.storyboard in Resources */ = {isa = PBXBuildFile; fileRef = 77834773200D973000C2AEFD /* LaunchScreen.storyboard */; };
		77834778200D973000C2AEFD /* main.m in Sources */ = {isa = PBXBuildFile; fileRef = 77834777200D973000C2AEFD /* main.m */; };
/* End PBXBuildFile section */

/* Begin PBXFileReference section */
		77834762200D973000C2AEFD /* hymzs.app */ = {isa = PBXFileReference; explicitFileType = wrapper.application; includeInIndex = 0; path = hymzs.app; sourceTree = BUILT_PRODUCTS_DIR; };
		77834765200D973000C2AEFD /* AppDelegate.h */ = {isa = PBXFileReference; lastKnownFileType = sourcecode.c.h; path = AppDelegate.h; sourceTree = "<group>"; };
		77834766200D973000C2AEFD /* AppDelegate.m */ = {isa = PBXFileReference; lastKnownFileType = sourcecode.c.objc; path = AppDelegate.m; sourceTree = "<group>"; };
		77834768200D973000C2AEFD /* ViewController.h */ = {isa = PBXFileReference; lastKnownFileType = sourcecode.c.h; path = ViewController.h; sourceTree = "<group>"; };
		77834769200D973000C2AEFD /* ViewController.m */ = {isa = PBXFileReference; lastKnownFileType = sourcecode.c.objc; path = ViewController.m; sourceTree = "<group>"; };
		7783476C200D973000C2AEFD /* Base */ = {isa = PBXFileReference; lastKnownFileType = file.storyboard; name = Base; path = Base.lproj/Main.storyboard; sourceTree = "<group>"; };
		7783476F200D973000C2AEFD /* hymzs.xcdatamodel */ = {isa = PBXFileReference; lastKnownFileType = wrapper.xcdatamodel; path = hymzs.xcdatamodel; sourceTree = "<group>"; };
		77834771200D973000C2AEFD /* Assets.xcassets */ = {isa = PBXFileReference; lastKnownFileType = folder.assetcatalog; path = Assets.xcassets; sourceTree = "<group>"; };
		77834774200D973000C2AEFD /* Base */ = {isa = PBXFileReference; lastKnownFileType = file.storyboard; name = Base; path = Base.lproj/LaunchScreen.storyboard; sourceTree = "<group>"; };
		77834776200D973000C2AEFD /* Info.plist */ = {isa = PBXFileReference; lastKnownFileType = text.plist.xml; path = Info.plist; sourceTree = "<group>"; };
		77834777200D973000C2AEFD /* main.m */ = {isa = PBXFileReference; lastKnownFileType = sourcecode.c.objc; path = main.m; sourceTree = "<group>"; };
/* End PBXFileReference section */

/* Begin PBXFrameworksBuildPhase section */
		7783475F200D973000C2AEFD /* Frameworks */ = {
			isa = PBXFrameworksBuildPhase;
			buildActionMask = 2147483647;
			files = (
			);
			runOnlyForDeploymentPostprocessing = 0;
		};
/* End PBXFrameworksBuildPhase section */

/* Begin PBXGroup section */
		77834759200D973000C2AEFD = {
			isa = PBXGroup;
			children = (
				77834764200D973000C2AEFD /* hymzs */,
				77834763200D973000C2AEFD /* Products */,
			);
			sourceTree = "<group>";
		};
		77834763200D973000C2AEFD /* Products */ = {
			isa = PBXGroup;
			children = (
				77834762200D973000C2AEFD /* hymzs.app */,
			);
			name = Products;
			sourceTree = "<group>";
		};
		77834764200D973000C2AEFD /* hymzs */ = {
			isa = PBXGroup;
			children = (
				77834765200D973000C2AEFD /* AppDelegate.h */,
				77834766200D973000C2AEFD /* AppDelegate.m */,
				77834768200D973000C2AEFD /* ViewController.h */,
				77834769200D973000C2AEFD /* ViewController.m */,
				7783476B200D973000C2AEFD /* Main.storyboard */,
				77834771200D973000C2AEFD /* Assets.xcassets */,
				77834773200D973000C2AEFD /* LaunchScreen.storyboard */,
				77834776200D973000C2AEFD /* Info.plist */,
				77834777200D973000C2AEFD /* main.m */,
				7783476E200D973000C2AEFD /* hymzs.xcdatamodeld */,
			);
			path = hymzs;
			sourceTree = "<group>";
		};
/* End PBXGroup section */

/* Begin PBXNativeTarget section */
		77834761200D973000C2AEFD /* hymzs */ = {
			isa = PBXNativeTarget;
			buildConfigurationList = 7783477B200D973000C2AEFD /* Build configuration list for PBXNativeTarget "hymzs" */;
			buildPhases = (
				7783475E200D973000C2AEFD /* Sources */,
				7783475F200D973000C2AEFD /* Frameworks */,
				77834760200D973000C2AEFD /* Resources */,
			);
			buildRules = (
			);
			dependencies = (
			);
			name = hymzs;
			productName = hymzs;
			productReference = 77834762200D973000C2AEFD /* hymzs.app */;
			productType = "com.apple.product-type.application";
		};
/* End PBXNativeTarget section */

/* Begin PBXProject section */
		7783475A200D973000C2AEFD /* Project object */ = {
			isa = PBXProject;
			attributes = {
				LastUpgradeCheck = 0900;
				ORGANIZATIONNAME = RayNi;
				TargetAttributes = {
					77834761200D973000C2AEFD = {
						CreatedOnToolsVersion = 9.0.1;
						ProvisioningStyle = Automatic;
					};
				};
			};
			buildConfigurationList = 7783475D200D973000C2AEFD /* Build configuration list for PBXProject "hymzs" */;
			compatibilityVersion = "Xcode 8.0";
			developmentRegion = en;
			hasScannedForEncodings = 0;
			knownRegions = (
				en,
				Base,
			);
			mainGroup = 77834759200D973000C2AEFD;
			productRefGroup = 77834763200D973000C2AEFD /* Products */;
			projectDirPath = "";
			projectRoot = "";
			targets = (
				77834761200D973000C2AEFD /* hymzs */,
			);
		};
/* End PBXProject section */

/* Begin PBXResourcesBuildPhase section */
		77834760200D973000C2AEFD /* Resources */ = {
			isa = PBXResourcesBuildPhase;
			buildActionMask = 2147483647;
			files = (
				77834775200D973000C2AEFD /* LaunchScreen.storyboard in Resources */,
				77834772200D973000C2AEFD /* Assets.xcassets in Resources */,
				7783476D200D973000C2AEFD /* Main.storyboard in Resources */,
			);
			runOnlyForDeploymentPostprocessing = 0;
		};
/* End PBXResourcesBuildPhase section */

/* Begin PBXSourcesBuildPhase section */
		7783475E200D973000C2AEFD /* Sources */ = {
			isa = PBXSourcesBuildPhase;
			buildActionMask = 2147483647;
			files = (
				7783476A200D973000C2AEFD /* ViewController.m in Sources */,
				77834770200D973000C2AEFD /* hymzs.xcdatamodeld in Sources */,
				77834778200D973000C2AEFD /* main.m in Sources */,
				77834767200D973000C2AEFD /* AppDelegate.m in Sources */,
			);
			runOnlyForDeploymentPostprocessing = 0;
		};
/* End PBXSourcesBuildPhase section */

/* Begin PBXVariantGroup section */
		7783476B200D973000C2AEFD /* Main.storyboard */ = {
			isa = PBXVariantGroup;
			children = (
				7783476C200D973000C2AEFD /* Base */,
			);
			name = Main.storyboard;
			sourceTree = "<group>";
		};
		77834773200D973000C2AEFD /* LaunchScreen.storyboard */ = {
			isa = PBXVariantGroup;
			children = (
				77834774200D973000C2AEFD /* Base */,
			);
			name = LaunchScreen.storyboard;
			sourceTree = "<group>";
		};
/* End PBXVariantGroup section */

/* Begin XCBuildConfiguration section */
		77834779200D973000C2AEFD /* Debug */ = {
			isa = XCBuildConfiguration;
			buildSettings = {
				ALWAYS_SEARCH_USER_PATHS = NO;
				CLANG_ANALYZER_NONNULL = YES;
				CLANG_ANALYZER_NUMBER_OBJECT_CONVERSION = YES_AGGRESSIVE;
				CLANG_CXX_LANGUAGE_STANDARD = "gnu++14";
				CLANG_CXX_LIBRARY = "libc++";
				CLANG_ENABLE_MODULES = YES;
				CLANG_ENABLE_OBJC_ARC = YES;
				CLANG_WARN_BLOCK_CAPTURE_AUTORELEASING = YES;
				CLANG_WARN_BOOL_CONVERSION = YES;
				CLANG_WARN_COMMA = YES;
				CLANG_WARN_CONSTANT_CONVERSION = YES;
				CLANG_WARN_DIRECT_OBJC_ISA_USAGE = YES_ERROR;
				CLANG_WARN_DOCUMENTATION_COMMENTS = YES;
				CLANG_WARN_EMPTY_BODY = YES;
				CLANG_WARN_ENUM_CONVERSION = YES;
				CLANG_WARN_INFINITE_RECURSION = YES;
				CLANG_WARN_INT_CONVERSION = YES;
				CLANG_WARN_NON_LITERAL_NULL_CONVERSION = YES;
				CLANG_WARN_OBJC_LITERAL_CONVERSION = YES;
				CLANG_WARN_OBJC_ROOT_CLASS = YES_ERROR;
				CLANG_WARN_RANGE_LOOP_ANALYSIS = YES;
				CLANG_WARN_STRICT_PROTOTYPES = YES;
				CLANG_WARN_SUSPICIOUS_MOVE = YES;
				CLANG_WARN_UNGUARDED_AVAILABILITY = YES_AGGRESSIVE;
				CLANG_WARN_UNREACHABLE_CODE = YES;
				CLANG_WARN__DUPLICATE_METHOD_MATCH = YES;
				CODE_SIGN_IDENTITY = "iPhone Developer";
				COPY_PHASE_STRIP = NO;
				DEBUG_INFORMATION_FORMAT = dwarf;
				ENABLE_STRICT_OBJC_MSGSEND = YES;
				ENABLE_TESTABILITY = YES;
				GCC_C_LANGUAGE_STANDARD = gnu11;
				GCC_DYNAMIC_NO_PIC = NO;
				GCC_NO_COMMON_BLOCKS = YES;
				GCC_OPTIMIZATION_LEVEL = 0;
				GCC_PREPROCESSOR_DEFINITIONS = (
					"DEBUG=1",
					"$(inherited)",
				);
				GCC_WARN_64_TO_32_BIT_CONVERSION = YES;
				GCC_WARN_ABOUT_RETURN_TYPE = YES_ERROR;
				GCC_WARN_UNDECLARED_SELECTOR = YES;
				GCC_WARN_UNINITIALIZED_AUTOS = YES_AGGRESSIVE;
				GCC_WARN_UNUSED_FUNCTION = YES;
				GCC_WARN_UNUSED_VARIABLE = YES;
				IPHONEOS_DEPLOYMENT_TARGET = 11.0;
				MTL_ENABLE_DEBUG_INFO = YES;
				ONLY_ACTIVE_ARCH = YES;
				SDKROOT = iphoneos;
			};
			name = Debug;
		};
		7783477A200D973000C2AEFD /* Release */ = {
			isa = XCBuildConfiguration;
			buildSettings = {
				ALWAYS_SEARCH_USER_PATHS = NO;
				CLANG_ANALYZER_NONNULL = YES;
				CLANG_ANALYZER_NUMBER_OBJECT_CONVERSION = YES_AGGRESSIVE;
				CLANG_CXX_LANGUAGE_STANDARD = "gnu++14";
				CLANG_CXX_LIBRARY = "libc++";
				CLANG_ENABLE_MODULES = YES;
				CLANG_ENABLE_OBJC_ARC = YES;
				CLANG_WARN_BLOCK_CAPTURE_AUTORELEASING = YES;
				CLANG_WARN_BOOL_CONVERSION = YES;
				CLANG_WARN_COMMA = YES;
				CLANG_WARN_CONSTANT_CONVERSION = YES;
				CLANG_WARN_DIRECT_OBJC_ISA_USAGE = YES_ERROR;
				CLANG_WARN_DOCUMENTATION_COMMENTS = YES;
				CLANG_WARN_EMPTY_BODY = YES;
				CLANG_WARN_ENUM_CONVERSION = YES;
				CLANG_WARN_INFINITE_RECURSION = YES;
				CLANG_WARN_INT_CONVERSION = YES;
				CLANG_WARN_NON_LITERAL_NULL_CONVERSION = YES;
				CLANG_WARN_OBJC_LITERAL_CONVERSION = YES;
				CLANG_WARN_OBJC_ROOT_CLASS = YES_ERROR;
				CLANG_WARN_RANGE_LOOP_ANALYSIS = YES;
				CLANG_WARN_STRICT_PROTOTYPES = YES;
				CLANG_WARN_SUSPICIOUS_MOVE = YES;
				CLANG_WARN_UNGUARDED_AVAILABILITY = YES_AGGRESSIVE;
				CLANG_WARN_UNREACHABLE_CODE = YES;
				CLANG_WARN__DUPLICATE_METHOD_MATCH = YES;
				CODE_SIGN_IDENTITY = "iPhone Developer";
				COPY_PHASE_STRIP = NO;
				DEBUG_INFORMATION_FORMAT = "dwarf-with-dsym";
				ENABLE_NS_ASSERTIONS = NO;
				ENABLE_STRICT_OBJC_MSGSEND = YES;
				GCC_C_LANGUAGE_STANDARD = gnu11;
				GCC_NO_COMMON_BLOCKS = YES;
				GCC_WARN_64_TO_32_BIT_CONVERSION = YES;
				GCC_WARN_ABOUT_RETURN_TYPE = YES_ERROR;
				GCC_WARN_UNDECLARED_SELECTOR = YES;
				GCC_WARN_UNINITIALIZED_AUTOS = YES_AGGRESSIVE;
				GCC_WARN_UNUSED_FUNCTION = YES;
				GCC_WARN_UNUSED_VARIABLE = YES;
				IPHONEOS_DEPLOYMENT_TARGET = 11.0;
				MTL_ENABLE_DEBUG_INFO = NO;
				SDKROOT = iphoneos;
				VALIDATE_PRODUCT = YES;
			};
			name = Release;
		};
		7783477C200D973000C2AEFD /* Debug */ = {
			isa = XCBuildConfiguration;
			buildSettings = {
				ASSETCATALOG_COMPILER_APPICON_NAME = AppIcon;
				CODE_SIGN_STYLE = Automatic;
				DEVELOPMENT_TEAM = Z2N7EZ87C2;
				INFOPLIST_FILE = hymzs/Info.plist;
				LD_RUNPATH_SEARCH_PATHS = "$(inherited) @executable_path/Frameworks";
				PRODUCT_BUNDLE_IDENTIFIER = cn.hymzs;
				PRODUCT_NAME = "$(TARGET_NAME)";
				TARGETED_DEVICE_FAMILY = "1,2";
			};
			name = Debug;
		};
		7783477D200D973000C2AEFD /* Release */ = {
			isa = XCBuildConfiguration;
			buildSettings = {
				ASSETCATALOG_COMPILER_APPICON_NAME = AppIcon;
				CODE_SIGN_STYLE = Automatic;
				DEVELOPMENT_TEAM = Z2N7EZ87C2;
				INFOPLIST_FILE = hymzs/Info.plist;
				LD_RUNPATH_SEARCH_PATHS = "$(inherited) @executable_path/Frameworks";
				PRODUCT_BUNDLE_IDENTIFIER = cn.hymzs;
				PRODUCT_NAME = "$(TARGET_NAME)";
				TARGETED_DEVICE_FAMILY = "1,2";
			};
			name = Release;
		};
/* End XCBuildConfiguration section */

/* Begin XCConfigurationList section */
		7783475D200D973000C2AEFD /* Build configuration list for PBXProject "hymzs" */ = {
			isa = XCConfigurationList;
			buildConfigurations = (
				77834779200D973000C2AEFD /* Debug */,
				7783477A200D973000C2AEFD /* Release */,
			);
			defaultConfigurationIsVisible = 0;
			defaultConfigurationName = Release;
		};
		7783477B200D973000C2AEFD /* Build configuration list for PBXNativeTarget "hymzs" */ = {
			isa = XCConfigurationList;
			buildConfigurations = (
				7783477C200D973000C2AEFD /* Debug */,
				7783477D200D973000C2AEFD /* Release */,
			);
			defaultConfigurationIsVisible = 0;
			defaultConfigurationName = Release;
		};
/* End XCConfigurationList section */

/* Begin XCVersionGroup section */
		7783476E200D973000C2AEFD /* hymzs.xcdatamodeld */ = {
			isa = XCVersionGroup;
			children = (
				7783476F200D973000C2AEFD /* hymzs.xcdatamodel */,
			);
			currentVersion = 7783476F200D973000C2AEFD /* hymzs.xcdatamodel */;
			path = hymzs.xcdatamodeld;
			sourceTree = "<group>";
			versionGroupType = wrapper.xcdatamodel;
		};
/* End XCVersionGroup section */
	};
	rootObject = 7783475A200D973000C2AEFD /* Project object */;
}
